// !$*UTF8*$!
{
	archiveVersion = 1;
	classes = {
	};
	objectVersion = 55;
	objects = {

/* Begin PBXBuildFile section */
		8410222D27ED8C6000956B60 /* AppDelegate.swift in Sources */ = {isa = PBXBuildFile; fileRef = 8410222C27ED8C6000956B60 /* AppDelegate.swift */; };
		8410222F27ED8C6000956B60 /* SceneDelegate.swift in Sources */ = {isa = PBXBuildFile; fileRef = 8410222E27ED8C6000956B60 /* SceneDelegate.swift */; };
		8410223127ED8C6000956B60 /* ViewController.swift in Sources */ = {isa = PBXBuildFile; fileRef = 8410223027ED8C6000956B60 /* ViewController.swift */; };
		8410223427ED8C6000956B60 /* Main.storyboard in Resources */ = {isa = PBXBuildFile; fileRef = 8410223227ED8C6000956B60 /* Main.storyboard */; };
		8410223627ED8C6200956B60 /* Assets.xcassets in Resources */ = {isa = PBXBuildFile; fileRef = 8410223527ED8C6200956B60 /* Assets.xcassets */; };
		8410223927ED8C6200956B60 /* LaunchScreen.storyboard in Resources */ = {isa = PBXBuildFile; fileRef = 8410223727ED8C6200956B60 /* LaunchScreen.storyboard */; };
		8410224D27ED8CF800956B60 /* FilterCell.swift in Sources */ = {isa = PBXBuildFile; fileRef = 8410224B27ED8CF800956B60 /* FilterCell.swift */; };
		8410224E27ED8CF800956B60 /* FilterCell.xib in Resources */ = {isa = PBXBuildFile; fileRef = 8410224C27ED8CF800956B60 /* FilterCell.xib */; };
		8410225027ED8FDF00956B60 /* FilterModel.swift in Sources */ = {isa = PBXBuildFile; fileRef = 8410224F27ED8FDF00956B60 /* FilterModel.swift */; };
/* End PBXBuildFile section */

/* Begin PBXFileReference section */
		8410222927ED8C6000956B60 /* FilterDesign.app */ = {isa = PBXFileReference; explicitFileType = wrapper.application; includeInIndex = 0; path = FilterDesign.app; sourceTree = BUILT_PRODUCTS_DIR; };
		8410222C27ED8C6000956B60 /* AppDelegate.swift */ = {isa = PBXFileReference; lastKnownFileType = sourcecode.swift; path = AppDelegate.swift; sourceTree = "<group>"; };
		8410222E27ED8C6000956B60 /* SceneDelegate.swift */ = {isa = PBXFileReference; lastKnownFileType = sourcecode.swift; path = SceneDelegate.swift; sourceTree = "<group>"; };
		8410223027ED8C6000956B60 /* ViewController.swift */ = {isa = PBXFileReference; lastKnownFileType = sourcecode.swift; path = ViewController.swift; sourceTree = "<group>"; };
		8410223327ED8C6000956B60 /* Base */ = {isa = PBXFileReference; lastKnownFileType = file.storyboard; name = Base; path = Base.lproj/Main.storyboard; sourceTree = "<group>"; };
		8410223527ED8C6200956B60 /* Assets.xcassets */ = {isa = PBXFileReference; lastKnownFileType = folder.assetcatalog; path = Assets.xcassets; sourceTree = "<group>"; };
		8410223827ED8C6200956B60 /* Base */ = {isa = PBXFileReference; lastKnownFileType = file.storyboard; name = Base; path = Base.lproj/LaunchScreen.storyboard; sourceTree = "<group>"; };
		8410223A27ED8C6200956B60 /* Info.plist */ = {isa = PBXFileReference; lastKnownFileType = text.plist.xml; path = Info.plist; sourceTree = "<group>"; };
		8410224B27ED8CF800956B60 /* FilterCell.swift */ = {isa = PBXFileReference; lastKnownFileType = sourcecode.swift; path = FilterCell.swift; sourceTree = "<group>"; };
		8410224C27ED8CF800956B60 /* FilterCell.xib */ = {isa = PBXFileReference; lastKnownFileType = file.xib; path = FilterCell.xib; sourceTree = "<group>"; };
		8410224F27ED8FDF00956B60 /* FilterModel.swift */ = {isa = PBXFileReference; lastKnownFileType = sourcecode.swift; path = FilterModel.swift; sourceTree = "<group>"; };
/* End PBXFileReference section */

/* Begin PBXFrameworksBuildPhase section */
		8410222627ED8C6000956B60 /* Frameworks */ = {
			isa = PBXFrameworksBuildPhase;
			buildActionMask = 2147483647;
			files = (
			);
			runOnlyForDeploymentPostprocessing = 0;
		};
/* End PBXFrameworksBuildPhase section */

/* Begin PBXGroup section */
		8410222027ED8C5F00956B60 = {
			isa = PBXGroup;
			children = (
				8410222B27ED8C6000956B60 /* FilterDesign */,
				8410222A27ED8C6000956B60 /* Products */,
			);
			sourceTree = "<group>";
		};
		8410222A27ED8C6000956B60 /* Products */ = {
			isa = PBXGroup;
			children = (
				8410222927ED8C6000956B60 /* FilterDesign.app */,
			);
			name = Products;
			sourceTree = "<group>";
		};
		8410222B27ED8C6000956B60 /* FilterDesign */ = {
			isa = PBXGroup;
			children = (
				8410224727ED8CB100956B60 /* Cell */,
				8410224627ED8CA300956B60 /* Controller */,
				8410224527ED8C9A00956B60 /* Model */,
				8410224427ED8C9100956B60 /* View */,
				8410223227ED8C6000956B60 /* Main.storyboard */,
				8410223527ED8C6200956B60 /* Assets.xcassets */,
				8410223A27ED8C6200956B60 /* Info.plist */,
			);
			path = FilterDesign;
			sourceTree = "<group>";
		};
		8410224427ED8C9100956B60 /* View */ = {
			isa = PBXGroup;
			children = (
				8410224827ED8CBB00956B60 /* Commom */,
			);
			path = View;
			sourceTree = "<group>";
		};
		8410224527ED8C9A00956B60 /* Model */ = {
			isa = PBXGroup;
			children = (
				8410224F27ED8FDF00956B60 /* FilterModel.swift */,
			);
			path = Model;
			sourceTree = "<group>";
		};
		8410224627ED8CA300956B60 /* Controller */ = {
			isa = PBXGroup;
			children = (
				8410223027ED8C6000956B60 /* ViewController.swift */,
			);
			path = Controller;
			sourceTree = "<group>";
		};
		8410224727ED8CB100956B60 /* Cell */ = {
			isa = PBXGroup;
			children = (
				8410224B27ED8CF800956B60 /* FilterCell.swift */,
				8410224C27ED8CF800956B60 /* FilterCell.xib */,
			);
			path = Cell;
			sourceTree = "<group>";
		};
		8410224827ED8CBB00956B60 /* Commom */ = {
			isa = PBXGroup;
			children = (
				8410222C27ED8C6000956B60 /* AppDelegate.swift */,
				8410222E27ED8C6000956B60 /* SceneDelegate.swift */,
				8410223727ED8C6200956B60 /* LaunchScreen.storyboard */,
			);
			path = Commom;
			sourceTree = "<group>";
		};
/* End PBXGroup section */

/* Begin PBXNativeTarget section */
		8410222827ED8C6000956B60 /* FilterDesign */ = {
			isa = PBXNativeTarget;
			buildConfigurationList = 8410223D27ED8C6200956B60 /* Build configuration list for PBXNativeTarget "FilterDesign" */;
			buildPhases = (
				8410222527ED8C6000956B60 /* Sources */,
				8410222627ED8C6000956B60 /* Frameworks */,
				8410222727ED8C6000956B60 /* Resources */,
			);
			buildRules = (
			);
			dependencies = (
			);
			name = FilterDesign;
			productName = FilterDesign;
			productReference = 8410222927ED8C6000956B60 /* FilterDesign.app */;
			productType = "com.apple.product-type.application";
		};
/* End PBXNativeTarget section */

/* Begin PBXProject section */
		8410222127ED8C5F00956B60 /* Project object */ = {
			isa = PBXProject;
			attributes = {
				BuildIndependentTargetsInParallel = 1;
				LastSwiftUpdateCheck = 1330;
				LastUpgradeCheck = 1330;
				TargetAttributes = {
					8410222827ED8C6000956B60 = {
						CreatedOnToolsVersion = 13.3;
					};
				};
			};
			buildConfigurationList = 8410222427ED8C5F00956B60 /* Build configuration list for PBXProject "FilterDesign" */;
			compatibilityVersion = "Xcode 13.0";
			developmentRegion = en;
			hasScannedForEncodings = 0;
			knownRegions = (
				en,
				Base,
			);
			mainGroup = 8410222027ED8C5F00956B60;
			productRefGroup = 8410222A27ED8C6000956B60 /* Products */;
			projectDirPath = "";
			projectRoot = "";
			targets = (
				8410222827ED8C6000956B60 /* FilterDesign */,
			);
		};
/* End PBXProject section */

/* Begin PBXResourcesBuildPhase section */
		8410222727ED8C6000956B60 /* Resources */ = {
			isa = PBXResourcesBuildPhase;
			buildActionMask = 2147483647;
			files = (
				8410223927ED8C6200956B60 /* LaunchScreen.storyboard in Resources */,
				8410224E27ED8CF800956B60 /* FilterCell.xib in Resources */,
				8410223627ED8C6200956B60 /* Assets.xcassets in Resources */,
				8410223427ED8C6000956B60 /* Main.storyboard in Resources */,
			);
			runOnlyForDeploymentPostprocessing = 0;
		};
/* End PBXResourcesBuildPhase section */

/* Begin PBXSourcesBuildPhase section */
		8410222527ED8C6000956B60 /* Sources */ = {
			isa = PBXSourcesBuildPhase;
			buildActionMask = 2147483647;
			files = (
				8410225027ED8FDF00956B60 /* FilterModel.swift in Sources */,
				8410223127ED8C6000956B60 /* ViewController.swift in Sources */,
				8410224D27ED8CF800956B60 /* FilterCell.swift in Sources */,
				8410222D27ED8C6000956B60 /* AppDelegate.swift in Sources */,
				8410222F27ED8C6000956B60 /* SceneDelegate.swift in Sources */,
			);
			runOnlyForDeploymentPostprocessing = 0;
		};
/* End PBXSourcesBuildPhase section */

/* Begin PBXVariantGroup section */
		8410223227ED8C6000956B60 /* Main.storyboard */ = {
			isa = PBXVariantGroup;
			children = (
				8410223327ED8C6000956B60 /* Base */,
			);
			name = Main.storyboard;
			sourceTree = "<group>";
		};
		8410223727ED8C6200956B60 /* LaunchScreen.storyboard */ = {
			isa = PBXVariantGroup;
			children = (
				8410223827ED8C6200956B60 /* Base */,
			);
			name = LaunchScreen.storyboard;
			sourceTree = "<group>";
		};
/* End PBXVariantGroup section */

/* Begin XCBuildConfiguration section */
		8410223B27ED8C6200956B60 /* Debug */ = {
			isa = XCBuildConfiguration;
			buildSettings = {
				ALWAYS_SEARCH_USER_PATHS = NO;
				CLANG_ANALYZER_NONNULL = YES;
				CLANG_ANALYZER_NUMBER_OBJECT_CONVERSION = YES_AGGRESSIVE;
				CLANG_CXX_LANGUAGE_STANDARD = "gnu++17";
				CLANG_ENABLE_MODULES = YES;
				CLANG_ENABLE_OBJC_ARC = YES;
				CLANG_ENABLE_OBJC_WEAK = YES;
				CLANG_WARN_BLOCK_CAPTURE_AUTORELEASING = YES;
				CLANG_WARN_BOOL_CONVERSION = YES;
				CLANG_WARN_COMMA = YES;
				CLANG_WARN_CONSTANT_CONVERSION = YES;
				CLANG_WARN_DEPRECATED_OBJC_IMPLEMENTATIONS = YES;
				CLANG_WARN_DIRECT_OBJC_ISA_USAGE = YES_ERROR;
				CLANG_WARN_DOCUMENTATION_COMMENTS = YES;
				CLANG_WARN_EMPTY_BODY = YES;
				CLANG_WARN_ENUM_CONVERSION = YES;
				CLANG_WARN_INFINITE_RECURSION = YES;
				CLANG_WARN_INT_CONVERSION = YES;
				CLANG_WARN_NON_LITERAL_NULL_CONVERSION = YES;
				CLANG_WARN_OBJC_IMPLICIT_RETAIN_SELF = YES;
				CLANG_WARN_OBJC_LITERAL_CONVERSION = YES;
				CLANG_WARN_OBJC_ROOT_CLASS = YES_ERROR;
				CLANG_WARN_QUOTED_INCLUDE_IN_FRAMEWORK_HEADER = YES;
				CLANG_WARN_RANGE_LOOP_ANALYSIS = YES;
				CLANG_WARN_STRICT_PROTOTYPES = YES;
				CLANG_WARN_SUSPICIOUS_MOVE = YES;
				CLANG_WARN_UNGUARDED_AVAILABILITY = YES_AGGRESSIVE;
				CLANG_WARN_UNREACHABLE_CODE = YES;
				CLANG_WARN__DUPLICATE_METHOD_MATCH = YES;
				COPY_PHASE_STRIP = NO;
				DEBUG_INFORMATION_FORMAT = dwarf;
				ENABLE_STRICT_OBJC_MSGSEND = YES;
				ENABLE_TESTABILITY = YES;
				GCC_C_LANGUAGE_STANDARD = gnu11;
				GCC_DYNAMIC_NO_PIC = NO;
				GCC_NO_COMMON_BLOCKS = YES;
				GCC_OPTIMIZATION_LEVEL = 0;
				GCC_PREPROCESSOR_DEFINITIONS = (
					"DEBUG=1",
					"$(inherited)",
				);
				GCC_WARN_64_TO_32_BIT_CONVERSION = YES;
				GCC_WARN_ABOUT_RETURN_TYPE = YES_ERROR;
				GCC_WARN_UNDECLARED_SELECTOR = YES;
				GCC_WARN_UNINITIALIZED_AUTOS = YES_AGGRESSIVE;
				GCC_WARN_UNUSED_FUNCTION = YES;
				GCC_WARN_UNUSED_VARIABLE = YES;
				IPHONEOS_DEPLOYMENT_TARGET = 15.4;
				MTL_ENABLE_DEBUG_INFO = INCLUDE_SOURCE;
				MTL_FAST_MATH = YES;
				ONLY_ACTIVE_ARCH = YES;
				SDKROOT = iphoneos;
				SWIFT_ACTIVE_COMPILATION_CONDITIONS = DEBUG;
				SWIFT_OPTIMIZATION_LEVEL = "-Onone";
			};
			name = Debug;
		};
		8410223C27ED8C6200956B60 /* Release */ = {
			isa = XCBuildConfiguration;
			buildSettings = {
				ALWAYS_SEARCH_USER_PATHS = NO;
				CLANG_ANALYZER_NONNULL = YES;
				CLANG_ANALYZER_NUMBER_OBJECT_CONVERSION = YES_AGGRESSIVE;
				CLANG_CXX_LANGUAGE_STANDARD = "gnu++17";
				CLANG_ENABLE_MODULES = YES;
				CLANG_ENABLE_OBJC_ARC = YES;
				CLANG_ENABLE_OBJC_WEAK = YES;
				CLANG_WARN_BLOCK_CAPTURE_AUTORELEASING = YES;
				CLANG_WARN_BOOL_CONVERSION = YES;
				CLANG_WARN_COMMA = YES;
				CLANG_WARN_CONSTANT_CONVERSION = YES;
				CLANG_WARN_DEPRECATED_OBJC_IMPLEMENTATIONS = YES;
				CLANG_WARN_DIRECT_OBJC_ISA_USAGE = YES_ERROR;
				CLANG_WARN_DOCUMENTATION_COMMENTS = YES;
				CLANG_WARN_EMPTY_BODY = YES;
				CLANG_WARN_ENUM_CONVERSION = YES;
				CLANG_WARN_INFINITE_RECURSION = YES;
				CLANG_WARN_INT_CONVERSION = YES;
				CLANG_WARN_NON_LITERAL_NULL_CONVERSION = YES;
				CLANG_WARN_OBJC_IMPLICIT_RETAIN_SELF = YES;
				CLANG_WARN_OBJC_LITERAL_CONVERSION = YES;
				CLANG_WARN_OBJC_ROOT_CLASS = YES_ERROR;
				CLANG_WARN_QUOTED_INCLUDE_IN_FRAMEWORK_HEADER = YES;
				CLANG_WARN_RANGE_LOOP_ANALYSIS = YES;
				CLANG_WARN_STRICT_PROTOTYPES = YES;
				CLANG_WARN_SUSPICIOUS_MOVE = YES;
				CLANG_WARN_UNGUARDED_AVAILABILITY = YES_AGGRESSIVE;
				CLANG_WARN_UNREACHABLE_CODE = YES;
				CLANG_WARN__DUPLICATE_METHOD_MATCH = YES;
				COPY_PHASE_STRIP = NO;
				DEBUG_INFORMATION_FORMAT = "dwarf-with-dsym";
				ENABLE_NS_ASSERTIONS = NO;
				ENABLE_STRICT_OBJC_MSGSEND = YES;
				GCC_C_LANGUAGE_STANDARD = gnu11;
				GCC_NO_COMMON_BLOCKS = YES;
				GCC_WARN_64_TO_32_BIT_CONVERSION = YES;
				GCC_WARN_ABOUT_RETURN_TYPE = YES_ERROR;
				GCC_WARN_UNDECLARED_SELECTOR = YES;
				GCC_WARN_UNINITIALIZED_AUTOS = YES_AGGRESSIVE;
				GCC_WARN_UNUSED_FUNCTION = YES;
				GCC_WARN_UNUSED_VARIABLE = YES;
				IPHONEOS_DEPLOYMENT_TARGET = 15.4;
				MTL_ENABLE_DEBUG_INFO = NO;
				MTL_FAST_MATH = YES;
				SDKROOT = iphoneos;
				SWIFT_COMPILATION_MODE = wholemodule;
				SWIFT_OPTIMIZATION_LEVEL = "-O";
				VALIDATE_PRODUCT = YES;
			};
			name = Release;
		};
		8410223E27ED8C6200956B60 /* Debug */ = {
			isa = XCBuildConfiguration;
			buildSettings = {
				ASSETCATALOG_COMPILER_APPICON_NAME = AppIcon;
				ASSETCATALOG_COMPILER_GLOBAL_ACCENT_COLOR_NAME = AccentColor;
				CODE_SIGN_STYLE = Automatic;
				CURRENT_PROJECT_VERSION = 1;
				GENERATE_INFOPLIST_FILE = YES;
				INFOPLIST_FILE = FilterDesign/Info.plist;
				INFOPLIST_KEY_UIApplicationSupportsIndirectInputEvents = YES;
				INFOPLIST_KEY_UILaunchStoryboardName = LaunchScreen;
				INFOPLIST_KEY_UIMainStoryboardFile = Main;
				INFOPLIST_KEY_UISupportedInterfaceOrientations_iPad = "UIInterfaceOrientationPortrait UIInterfaceOrientationPortraitUpsideDown UIInterfaceOrientationLandscapeLeft UIInterfaceOrientationLandscapeRight";
				INFOPLIST_KEY_UISupportedInterfaceOrientations_iPhone = "UIInterfaceOrientationPortrait UIInterfaceOrientationLandscapeLeft UIInterfaceOrientationLandscapeRight";
				LD_RUNPATH_SEARCH_PATHS = (
					"$(inherited)",
					"@executable_path/Frameworks",
				);
				MARKETING_VERSION = 1.0;
				PRODUCT_BUNDLE_IDENTIFIER = Bipp.FilterDesign;
				PRODUCT_NAME = "$(TARGET_NAME)";
				SWIFT_EMIT_LOC_STRINGS = YES;
				SWIFT_VERSION = 5.0;
				TARGETED_DEVICE_FAMILY = "1,2";
			};
			name = Debug;
		};
		8410223F27ED8C6200956B60 /* Release */ = {
			isa = XCBuildConfiguration;
			buildSettings = {
				ASSETCATALOG_COMPILER_APPICON_NAME = AppIcon;
				ASSETCATALOG_COMPILER_GLOBAL_ACCENT_COLOR_NAME = AccentColor;
				CODE_SIGN_STYLE = Automatic;
				CURRENT_PROJECT_VERSION = 1;
				GENERATE_INFOPLIST_FILE = YES;
				INFOPLIST_FILE = FilterDesign/Info.plist;
				INFOPLIST_KEY_UIApplicationSupportsIndirectInputEvents = YES;
				INFOPLIST_KEY_UILaunchStoryboardName = LaunchScreen;
				INFOPLIST_KEY_UIMainStoryboardFile = Main;
				INFOPLIST_KEY_UISupportedInterfaceOrientations_iPad = "UIInterfaceOrientationPortrait UIInterfaceOrientationPortraitUpsideDown UIInterfaceOrientationLandscapeLeft UIInterfaceOrientationLandscapeRight";
				INFOPLIST_KEY_UISupportedInterfaceOrientations_iPhone = "UIInterfaceOrientationPortrait UIInterfaceOrientationLandscapeLeft UIInterfaceOrientationLandscapeRight";
				LD_RUNPATH_SEARCH_PATHS = (
					"$(inherited)",
					"@executable_path/Frameworks",
				);
				MARKETING_VERSION = 1.0;
				PRODUCT_BUNDLE_IDENTIFIER = Bipp.FilterDesign;
				PRODUCT_NAME = "$(TARGET_NAME)";
				SWIFT_EMIT_LOC_STRINGS = YES;
				SWIFT_VERSION = 5.0;
				TARGETED_DEVICE_FAMILY = "1,2";
			};
			name = Release;
		};
/* End XCBuildConfiguration section */

/* Begin XCConfigurationList section */
		8410222427ED8C5F00956B60 /* Build configuration list for PBXProject "FilterDesign" */ = {
			isa = XCConfigurationList;
			buildConfigurations = (
				8410223B27ED8C6200956B60 /* Debug */,
				8410223C27ED8C6200956B60 /* Release */,
			);
			defaultConfigurationIsVisible = 0;
			defaultConfigurationName = Release;
		};
		8410223D27ED8C6200956B60 /* Build configuration list for PBXNativeTarget "FilterDesign" */ = {
			isa = XCConfigurationList;
			buildConfigurations = (
				8410223E27ED8C6200956B60 /* Debug */,
				8410223F27ED8C6200956B60 /* Release */,
			);
			defaultConfigurationIsVisible = 0;
			defaultConfigurationName = Release;
		};
/* End XCConfigurationList section */
	};
	rootObject = 8410222127ED8C5F00956B60 /* Project object */;
}
